PODS:
  - SwiftPriorityQueue (1.2.1)

DEPENDENCIES:
  - SwiftPriorityQueue (~> 1.2.1)

SPEC REPOS:
  https://github.com/cocoapods/specs.git:
    - SwiftPriorityQueue

SPEC CHECKSUMS:
  SwiftPriorityQueue: 2ce5768829a9ef84d8b8fec5e73546d72ee3d8f6

PODFILE CHECKSUM: 96cfa9f6bf4613e4c4577c95de4649ff08865241

COCOAPODS: 1.7.1
